{
    "version": 3,
    "terraform_version": "0.10.8",
    "serial": 62,
    "lineage": "a1d1df8c-6d11-4478-97eb-69f1dc7e8d42",
    "modules": [
        {
            "path": [
                "root"
            ],
            "outputs": {},
            "resources": {},
            "depends_on": []
        },
        {
            "path": [
                "root",
                "azure_loadbalancer"
            ],
            "outputs": {
                "lb_backend_address_pool": {
                    "sensitive": false,
                    "type": "string",
                    "value": "/subscriptions/e462726b-8edb-4a79-8a65-e5cc84b993e2/resourceGroups/cricci/providers/Microsoft.Network/loadBalancers/LoadBalancer1/backendAddressPools/BackEndAddressPool"
                },
                "lb_nat_pool": {
                    "sensitive": false,
                    "type": "list",
                    "value": [
                        "/subscriptions/e462726b-8edb-4a79-8a65-e5cc84b993e2/resourceGroups/cricci/providers/Microsoft.Network/loadBalancers/LoadBalancer1/inboundNatPools/ssh",
                        "/subscriptions/e462726b-8edb-4a79-8a65-e5cc84b993e2/resourceGroups/cricci/providers/Microsoft.Network/loadBalancers/LoadBalancer1/inboundNatPools/ssh",
                        "/subscriptions/e462726b-8edb-4a79-8a65-e5cc84b993e2/resourceGroups/cricci/providers/Microsoft.Network/loadBalancers/LoadBalancer1/inboundNatPools/ssh"
                    ]
                },
                "lb_public_ip_address": {
                    "sensitive": false,
                    "type": "string",
                    "value": "13.92.154.111"
                }
            },
            "resources": {
                "azurerm_lb.loadbalancer1": {
                    "type": "azurerm_lb",
                    "depends_on": [
                        "azurerm_public_ip.publicip1"
                    ],
                    "primary": {
                        "id": "/subscriptions/e462726b-8edb-4a79-8a65-e5cc84b993e2/resourceGroups/cricci/providers/Microsoft.Network/loadBalancers/LoadBalancer1",
                        "attributes": {
                            "frontend_ip_configuration.#": "1",
                            "frontend_ip_configuration.0.inbound_nat_rules.#": "0",
                            "frontend_ip_configuration.0.load_balancer_rules.#": "0",
                            "frontend_ip_configuration.0.name": "PublicIPAddress",
                            "frontend_ip_configuration.0.private_ip_address": "",
                            "frontend_ip_configuration.0.private_ip_address_allocation": "Dynamic",
                            "frontend_ip_configuration.0.public_ip_address_id": "/subscriptions/e462726b-8edb-4a79-8a65-e5cc84b993e2/resourceGroups/cricci/providers/Microsoft.Network/publicIPAddresses/PublicIPForLB",
                            "frontend_ip_configuration.0.subnet_id": "",
                            "id": "/subscriptions/e462726b-8edb-4a79-8a65-e5cc84b993e2/resourceGroups/cricci/providers/Microsoft.Network/loadBalancers/LoadBalancer1",
                            "location": "eastus",
                            "name": "LoadBalancer1",
                            "private_ip_address": "",
                            "private_ip_addresses.#": "0",
                            "resource_group_name": "cricci",
                            "sku": "Basic",
                            "tags.%": "0"
                        },
                        "meta": {},
                        "tainted": false
                    },
                    "deposed": [],
                    "provider": ""
                },
                "azurerm_lb_backend_address_pool.bpepool": {
                    "type": "azurerm_lb_backend_address_pool",
                    "depends_on": [
                        "azurerm_lb.loadbalancer1"
                    ],
                    "primary": {
                        "id": "/subscriptions/e462726b-8edb-4a79-8a65-e5cc84b993e2/resourceGroups/cricci/providers/Microsoft.Network/loadBalancers/LoadBalancer1/backendAddressPools/BackEndAddressPool",
                        "attributes": {
                            "backend_ip_configurations.#": "0",
                            "id": "/subscriptions/e462726b-8edb-4a79-8a65-e5cc84b993e2/resourceGroups/cricci/providers/Microsoft.Network/loadBalancers/LoadBalancer1/backendAddressPools/BackEndAddressPool",
                            "load_balancing_rules.#": "0",
                            "loadbalancer_id": "/subscriptions/e462726b-8edb-4a79-8a65-e5cc84b993e2/resourceGroups/cricci/providers/Microsoft.Network/loadBalancers/LoadBalancer1",
                            "name": "BackEndAddressPool",
                            "resource_group_name": "cricci"
                        },
                        "meta": {},
                        "tainted": false
                    },
                    "deposed": [],
                    "provider": ""
                },
                "azurerm_lb_nat_pool.lbnatpool.0": {
                    "type": "azurerm_lb_nat_pool",
                    "depends_on": [
                        "azurerm_lb.loadbalancer1"
                    ],
                    "primary": {
                        "id": "/subscriptions/e462726b-8edb-4a79-8a65-e5cc84b993e2/resourceGroups/cricci/providers/Microsoft.Network/loadBalancers/LoadBalancer1/inboundNatPools/ssh",
                        "attributes": {
                            "backend_port": "22",
                            "frontend_ip_configuration_id": "/subscriptions/e462726b-8edb-4a79-8a65-e5cc84b993e2/resourceGroups/cricci/providers/Microsoft.Network/loadBalancers/LoadBalancer1/frontendIPConfigurations/PublicIPAddress",
                            "frontend_ip_configuration_name": "PublicIPAddress",
                            "frontend_port_end": "50119",
                            "frontend_port_start": "50000",
                            "id": "/subscriptions/e462726b-8edb-4a79-8a65-e5cc84b993e2/resourceGroups/cricci/providers/Microsoft.Network/loadBalancers/LoadBalancer1/inboundNatPools/ssh",
                            "loadbalancer_id": "/subscriptions/e462726b-8edb-4a79-8a65-e5cc84b993e2/resourceGroups/cricci/providers/Microsoft.Network/loadBalancers/LoadBalancer1",
                            "name": "ssh",
                            "protocol": "Tcp",
                            "resource_group_name": "cricci"
                        },
                        "meta": {},
                        "tainted": false
                    },
                    "deposed": [],
                    "provider": ""
                },
                "azurerm_lb_nat_pool.lbnatpool.1": {
                    "type": "azurerm_lb_nat_pool",
                    "depends_on": [
                        "azurerm_lb.loadbalancer1"
                    ],
                    "primary": {
                        "id": "/subscriptions/e462726b-8edb-4a79-8a65-e5cc84b993e2/resourceGroups/cricci/providers/Microsoft.Network/loadBalancers/LoadBalancer1/inboundNatPools/ssh",
                        "attributes": {
                            "backend_port": "22",
                            "frontend_ip_configuration_id": "/subscriptions/e462726b-8edb-4a79-8a65-e5cc84b993e2/resourceGroups/cricci/providers/Microsoft.Network/loadBalancers/LoadBalancer1/frontendIPConfigurations/PublicIPAddress",
                            "frontend_ip_configuration_name": "PublicIPAddress",
                            "frontend_port_end": "50119",
                            "frontend_port_start": "50000",
                            "id": "/subscriptions/e462726b-8edb-4a79-8a65-e5cc84b993e2/resourceGroups/cricci/providers/Microsoft.Network/loadBalancers/LoadBalancer1/inboundNatPools/ssh",
                            "loadbalancer_id": "/subscriptions/e462726b-8edb-4a79-8a65-e5cc84b993e2/resourceGroups/cricci/providers/Microsoft.Network/loadBalancers/LoadBalancer1",
                            "name": "ssh",
                            "protocol": "Tcp",
                            "resource_group_name": "cricci"
                        },
                        "meta": {},
                        "tainted": false
                    },
                    "deposed": [],
                    "provider": ""
                },
                "azurerm_lb_nat_pool.lbnatpool.2": {
                    "type": "azurerm_lb_nat_pool",
                    "depends_on": [
                        "azurerm_lb.loadbalancer1"
                    ],
                    "primary": {
                        "id": "/subscriptions/e462726b-8edb-4a79-8a65-e5cc84b993e2/resourceGroups/cricci/providers/Microsoft.Network/loadBalancers/LoadBalancer1/inboundNatPools/ssh",
                        "attributes": {
                            "backend_port": "22",
                            "frontend_ip_configuration_id": "/subscriptions/e462726b-8edb-4a79-8a65-e5cc84b993e2/resourceGroups/cricci/providers/Microsoft.Network/loadBalancers/LoadBalancer1/frontendIPConfigurations/PublicIPAddress",
                            "frontend_ip_configuration_name": "PublicIPAddress",
                            "frontend_port_end": "50119",
                            "frontend_port_start": "50000",
                            "id": "/subscriptions/e462726b-8edb-4a79-8a65-e5cc84b993e2/resourceGroups/cricci/providers/Microsoft.Network/loadBalancers/LoadBalancer1/inboundNatPools/ssh",
                            "loadbalancer_id": "/subscriptions/e462726b-8edb-4a79-8a65-e5cc84b993e2/resourceGroups/cricci/providers/Microsoft.Network/loadBalancers/LoadBalancer1",
                            "name": "ssh",
                            "protocol": "Tcp",
                            "resource_group_name": "cricci"
                        },
                        "meta": {},
                        "tainted": false
                    },
                    "deposed": [],
                    "provider": ""
                },
                "azurerm_lb_probe.healthcheck": {
                    "type": "azurerm_lb_probe",
                    "depends_on": [
                        "azurerm_lb.loadbalancer1"
                    ],
                    "primary": {
                        "id": "/subscriptions/e462726b-8edb-4a79-8a65-e5cc84b993e2/resourceGroups/cricci/providers/Microsoft.Network/loadBalancers/LoadBalancer1/probes/http-running-probe",
                        "attributes": {
                            "id": "/subscriptions/e462726b-8edb-4a79-8a65-e5cc84b993e2/resourceGroups/cricci/providers/Microsoft.Network/loadBalancers/LoadBalancer1/probes/http-running-probe",
                            "interval_in_seconds": "15",
                            "load_balancer_rules.#": "0",
                            "loadbalancer_id": "/subscriptions/e462726b-8edb-4a79-8a65-e5cc84b993e2/resourceGroups/cricci/providers/Microsoft.Network/loadBalancers/LoadBalancer1",
                            "name": "http-running-probe",
                            "number_of_probes": "2",
                            "port": "5002",
                            "protocol": "Tcp",
                            "request_path": "",
                            "resource_group_name": "cricci"
                        },
                        "meta": {},
                        "tainted": false
                    },
                    "deposed": [],
                    "provider": ""
                },
                "azurerm_lb_rule.webport": {
                    "type": "azurerm_lb_rule",
                    "depends_on": [
                        "azurerm_lb.loadbalancer1",
                        "azurerm_lb_backend_address_pool.bpepool",
                        "azurerm_lb_probe.healthcheck"
                    ],
                    "primary": {
                        "id": "/subscriptions/e462726b-8edb-4a79-8a65-e5cc84b993e2/resourceGroups/cricci/providers/Microsoft.Network/loadBalancers/LoadBalancer1/loadBalancingRules/LBRule",
                        "attributes": {
                            "backend_address_pool_id": "/subscriptions/e462726b-8edb-4a79-8a65-e5cc84b993e2/resourceGroups/cricci/providers/Microsoft.Network/loadBalancers/LoadBalancer1/backendAddressPools/BackEndAddressPool",
                            "backend_port": "5002",
                            "enable_floating_ip": "false",
                            "frontend_ip_configuration_id": "/subscriptions/e462726b-8edb-4a79-8a65-e5cc84b993e2/resourceGroups/cricci/providers/Microsoft.Network/loadBalancers/LoadBalancer1/frontendIPConfigurations/PublicIPAddress",
                            "frontend_ip_configuration_name": "PublicIPAddress",
                            "frontend_port": "80",
                            "id": "/subscriptions/e462726b-8edb-4a79-8a65-e5cc84b993e2/resourceGroups/cricci/providers/Microsoft.Network/loadBalancers/LoadBalancer1/loadBalancingRules/LBRule",
                            "idle_timeout_in_minutes": "4",
                            "load_distribution": "Default",
                            "loadbalancer_id": "/subscriptions/e462726b-8edb-4a79-8a65-e5cc84b993e2/resourceGroups/cricci/providers/Microsoft.Network/loadBalancers/LoadBalancer1",
                            "name": "LBRule",
                            "probe_id": "/subscriptions/e462726b-8edb-4a79-8a65-e5cc84b993e2/resourceGroups/cricci/providers/Microsoft.Network/loadBalancers/LoadBalancer1/probes/http-running-probe",
                            "protocol": "Tcp",
                            "resource_group_name": "cricci"
                        },
                        "meta": {},
                        "tainted": false
                    },
                    "deposed": [],
                    "provider": ""
                },
                "azurerm_public_ip.publicip1": {
                    "type": "azurerm_public_ip",
                    "depends_on": [],
                    "primary": {
                        "id": "/subscriptions/e462726b-8edb-4a79-8a65-e5cc84b993e2/resourceGroups/cricci/providers/Microsoft.Network/publicIPAddresses/PublicIPForLB",
                        "attributes": {
                            "id": "/subscriptions/e462726b-8edb-4a79-8a65-e5cc84b993e2/resourceGroups/cricci/providers/Microsoft.Network/publicIPAddresses/PublicIPForLB",
                            "ip_address": "13.92.154.111",
                            "location": "eastus",
                            "name": "PublicIPForLB",
                            "public_ip_address_allocation": "static",
                            "resource_group_name": "cricci",
                            "sku": "Basic",
                            "tags.%": "0"
                        },
                        "meta": {},
                        "tainted": false
                    },
                    "deposed": [],
                    "provider": ""
                }
            },
            "depends_on": []
        },
        {
            "path": [
                "root",
                "azure_mysql_db"
            ],
            "outputs": {
                "azure_mysql_server_fqdn": {
                    "sensitive": false,
                    "type": "string",
                    "value": "crwebappdbserver.mysql.database.azure.com"
                },
                "azure_mysql_server_name": {
                    "sensitive": false,
                    "type": "string",
                    "value": "crwebappdbserver"
                }
            },
            "resources": {
                "azurerm_mysql_database.mysqldb1": {
                    "type": "azurerm_mysql_database",
                    "depends_on": [
                        "azurerm_mysql_server.mysqlserver1"
                    ],
                    "primary": {
                        "id": "/subscriptions/e462726b-8edb-4a79-8a65-e5cc84b993e2/resourceGroups/cricci/providers/Microsoft.DBforMySQL/servers/crwebappdbserver/databases/db1",
                        "attributes": {
                            "charset": "utf8",
                            "collation": "utf8_unicode_ci",
                            "id": "/subscriptions/e462726b-8edb-4a79-8a65-e5cc84b993e2/resourceGroups/cricci/providers/Microsoft.DBforMySQL/servers/crwebappdbserver/databases/db1",
                            "name": "db1",
                            "resource_group_name": "cricci",
                            "server_name": "crwebappdbserver"
                        },
                        "meta": {},
                        "tainted": false
                    },
                    "deposed": [],
                    "provider": ""
                },
                "azurerm_mysql_firewall_rule.test": {
                    "type": "azurerm_mysql_firewall_rule",
                    "depends_on": [
                        "azurerm_mysql_server.mysqlserver1"
                    ],
                    "primary": {
                        "id": "/subscriptions/e462726b-8edb-4a79-8a65-e5cc84b993e2/resourceGroups/cricci/providers/Microsoft.DBforMySQL/servers/crwebappdbserver/firewallRules/webappservers",
                        "attributes": {
                            "end_ip_address": "13.92.154.111",
                            "id": "/subscriptions/e462726b-8edb-4a79-8a65-e5cc84b993e2/resourceGroups/cricci/providers/Microsoft.DBforMySQL/servers/crwebappdbserver/firewallRules/webappservers",
                            "name": "webappservers",
                            "resource_group_name": "cricci",
                            "server_name": "crwebappdbserver",
                            "start_ip_address": "13.92.154.111"
                        },
                        "meta": {},
                        "tainted": false
                    },
                    "deposed": [],
                    "provider": ""
                },
                "azurerm_mysql_server.mysqlserver1": {
                    "type": "azurerm_mysql_server",
                    "depends_on": [],
                    "primary": {
                        "id": "/subscriptions/e462726b-8edb-4a79-8a65-e5cc84b993e2/resourceGroups/cricci/providers/Microsoft.DBforMySQL/servers/crwebappdbserver",
                        "attributes": {
                            "administrator_login": "riccic",
                            "administrator_login_password": "Password1234",
                            "fqdn": "crwebappdbserver.mysql.database.azure.com",
                            "id": "/subscriptions/e462726b-8edb-4a79-8a65-e5cc84b993e2/resourceGroups/cricci/providers/Microsoft.DBforMySQL/servers/crwebappdbserver",
                            "location": "eastus",
                            "name": "crwebappdbserver",
                            "resource_group_name": "cricci",
                            "sku.#": "1",
                            "sku.1023862811.capacity": "50",
                            "sku.1023862811.name": "MYSQLB50",
                            "sku.1023862811.tier": "Basic",
                            "ssl_enforcement": "Disabled",
                            "storage_mb": "51200",
                            "tags.%": "0",
                            "version": "5.7"
                        },
                        "meta": {},
                        "tainted": false
                    },
                    "deposed": [],
                    "provider": ""
                }
            },
            "depends_on": []
        },
        {
            "path": [
                "root",
                "azure_virtual_machine_scale_set"
            ],
            "outputs": {},
            "resources": {
                "azurerm_network_interface.interface1": {
                    "type": "azurerm_network_interface",
                    "depends_on": [
                        "azurerm_subnet.subnet1"
                    ],
                    "primary": {
                        "id": "/subscriptions/e462726b-8edb-4a79-8a65-e5cc84b993e2/resourceGroups/cricci/providers/Microsoft.Network/networkInterfaces/interface1",
                        "attributes": {
                            "applied_dns_servers.#": "0",
                            "dns_servers.#": "0",
                            "enable_accelerated_networking": "false",
                            "enable_ip_forwarding": "false",
                            "id": "/subscriptions/e462726b-8edb-4a79-8a65-e5cc84b993e2/resourceGroups/cricci/providers/Microsoft.Network/networkInterfaces/interface1",
                            "internal_dns_name_label": "",
                            "ip_configuration.#": "1",
                            "ip_configuration.0.load_balancer_backend_address_pools_ids.#": "0",
                            "ip_configuration.0.load_balancer_inbound_nat_rules_ids.#": "0",
                            "ip_configuration.0.name": "testconfiguration1",
                            "ip_configuration.0.primary": "true",
                            "ip_configuration.0.private_ip_address": "",
                            "ip_configuration.0.private_ip_address_allocation": "dynamic",
                            "ip_configuration.0.public_ip_address_id": "",
                            "ip_configuration.0.subnet_id": "/subscriptions/e462726b-8edb-4a79-8a65-e5cc84b993e2/resourceGroups/cricci/providers/Microsoft.Network/virtualNetworks/network1/subnets/subnet1",
                            "location": "eastus",
                            "name": "interface1",
                            "network_security_group_id": "",
                            "private_ip_address": "10.0.2.4",
                            "private_ip_addresses.#": "1",
                            "private_ip_addresses.0": "10.0.2.4",
                            "resource_group_name": "cricci",
                            "tags.%": "0"
                        },
                        "meta": {},
                        "tainted": false
                    },
                    "deposed": [],
                    "provider": ""
                },
                "azurerm_subnet.subnet1": {
                    "type": "azurerm_subnet",
                    "depends_on": [
                        "azurerm_virtual_network.network1"
                    ],
                    "primary": {
                        "id": "/subscriptions/e462726b-8edb-4a79-8a65-e5cc84b993e2/resourceGroups/cricci/providers/Microsoft.Network/virtualNetworks/network1/subnets/subnet1",
                        "attributes": {
                            "address_prefix": "10.0.2.0/24",
                            "id": "/subscriptions/e462726b-8edb-4a79-8a65-e5cc84b993e2/resourceGroups/cricci/providers/Microsoft.Network/virtualNetworks/network1/subnets/subnet1",
                            "ip_configurations.#": "0",
                            "name": "subnet1",
                            "resource_group_name": "cricci",
                            "virtual_network_name": "network1"
                        },
                        "meta": {},
                        "tainted": false
                    },
                    "deposed": [],
                    "provider": ""
                },
                "azurerm_virtual_machine_scale_set.test": {
                    "type": "azurerm_virtual_machine_scale_set",
                    "depends_on": [
                        "azurerm_subnet.subnet1",
                        "data.template_file.init_script"
                    ],
                    "primary": {
                        "id": "/subscriptions/e462726b-8edb-4a79-8a65-e5cc84b993e2/resourceGroups/cricci/providers/Microsoft.Compute/virtualMachineScaleSets/webappscaleset-1",
                        "attributes": {
                            "extension.#": "0",
                            "id": "/subscriptions/e462726b-8edb-4a79-8a65-e5cc84b993e2/resourceGroups/cricci/providers/Microsoft.Compute/virtualMachineScaleSets/webappscaleset-1",
                            "location": "eastus",
                            "name": "webappscaleset-1",
                            "network_profile.#": "1",
                            "network_profile.1942349404.accelerated_networking": "false",
                            "network_profile.1942349404.ip_configuration.#": "1",
                            "network_profile.1942349404.ip_configuration.0.load_balancer_backend_address_pool_ids.#": "1",
                            "network_profile.1942349404.ip_configuration.0.load_balancer_backend_address_pool_ids.1727441975": "/subscriptions/e462726b-8edb-4a79-8a65-e5cc84b993e2/resourceGroups/cricci/providers/Microsoft.Network/loadBalancers/LoadBalancer1/backendAddressPools/BackEndAddressPool",
                            "network_profile.1942349404.ip_configuration.0.load_balancer_inbound_nat_rules_ids.#": "1",
                            "network_profile.1942349404.ip_configuration.0.load_balancer_inbound_nat_rules_ids.3005673232": "/subscriptions/e462726b-8edb-4a79-8a65-e5cc84b993e2/resourceGroups/cricci/providers/Microsoft.Network/loadBalancers/LoadBalancer1/inboundNatPools/ssh",
                            "network_profile.1942349404.ip_configuration.0.name": "TestIPConfiguration",
                            "network_profile.1942349404.ip_configuration.0.primary": "false",
                            "network_profile.1942349404.ip_configuration.0.public_ip_address_configuration.#": "0",
                            "network_profile.1942349404.ip_configuration.0.subnet_id": "/subscriptions/e462726b-8edb-4a79-8a65-e5cc84b993e2/resourceGroups/cricci/providers/Microsoft.Network/virtualNetworks/network1/subnets/subnet1",
                            "network_profile.1942349404.name": "terraformnetworkprofile",
                            "network_profile.1942349404.network_security_group_id": "",
                            "network_profile.1942349404.primary": "true",
                            "os_profile.#": "1",
                            "os_profile.0.admin_password": "Password1234",
                            "os_profile.0.admin_username": "riccic",
                            "os_profile.0.computer_name_prefix": "testvm",
                            "os_profile.0.custom_data": "IyEvYmluL2Jhc2gKZXhwb3J0IE1ZU1FMX0RBVEFCQVNFX1VTRVI9InJpY2NpY0BjcndlYmFwcGRic2VydmVyIgpleHBvcnQgTVlTUUxfREFUQUJBU0VfUEFTU1dPUkQ9IlBhc3N3b3JkMTIzNCIKZXhwb3J0IE1ZU1FMX0RBVEFCQVNFX0RCPSJkYjEiCmV4cG9ydCBNWVNRTF9EQVRBQkFTRV9IT1NUPSJjcndlYmFwcGRic2VydmVyLm15c3FsLmRhdGFiYXNlLmF6dXJlLmNvbSIKZ2l0IGNsb25lIGh0dHBzOi8vZ2l0aHViLmNvbS9jcmljY2k4Mi9QeXRob25GbGFza015U1FMQXBwLS0tUGFydC0xLmdpdApzdWRvIGFwdC1nZXQgdXBkYXRlCnllcyB8IHN1ZG8gYXB0IGluc3RhbGwgcHl0aG9uLXBpcAp5ZXMgfCBwaXAgaW5zdGFsbCBmbGFzay1teXNxbApweXRob24gUHl0aG9uRmxhc2tNeVNRTEFwcC0tLVBhcnQtMS9hcHAucHk=",
                            "os_profile_linux_config.#": "1",
                            "os_profile_linux_config.69840937.disable_password_authentication": "true",
                            "os_profile_linux_config.69840937.ssh_keys.#": "1",
                            "os_profile_linux_config.69840937.ssh_keys.0.key_data": "ssh-rsa AAAAB3NzaC1yc2EAAAADAQABAAACAQCpXk/ojvEnLJhOAZ2ai4kXYD4juNppp8FAUDlfok0rEdYbubDasVEV09faAN3/X0KBWo52rq5Jj+eL61FCf6wkvLl9M1eDSA1vy5hGKSNvr5gytkfBLtGUFmbuRSFwPLoZMrMb/7WRUXTznvzsj8UKc3dgeAYJplt+pw8Yo6qx5DDn9RP7HfIgMea62qLyn4yo32f9MXHmEKhUDwmDB98jprI7th/NFSGwmviM2FsVEbQyUqWEq55H/vQ+2b3aZKJala4ZglqjNN4Xba26RVBCeDrphASD4qIZtR48mVy1TLTxDhxOjCq/z6den6SOzhTVSvW1hTLpW0pfSmybWlW4XwycQ2CKdv5YUjbT8elTLtBTvoRqwp7JkyiALqMZ1zF7jPpo4l6RC/+r6GPU/PORh9qYXDlvjXCeW9umX/ftW+QUvp4Up45BkHg9Bfzy/DdhUFkYdhN2vLF0zD0K2SUjdBeOueHRS8rZjw/ZUVBTRQL4nGkGGCXPheBAmDPjIqFArt7yDXuVgEl1mI0Mw5qGrTE5Gulw8ozln0iwqzhvk/Ma/Pcjdl/uGkdwBsx9Xr0Mo4WuqT5ZD66GuVn5ZNF8m+ks3kqsAJHDZOu5OgVKx6ZvCRUmSSaFEaR3VGctr76ZQ28mhdcl+w1dPjf+lbGtE0BqQ3nx767lfY9GyStPcw== aws tectonic for chris.ricci@coreos.com\n",
                            "os_profile_linux_config.69840937.ssh_keys.0.path": "/home/riccic/.ssh/authorized_keys",
                            "os_profile_secrets.#": "0",
                            "overprovision": "false",
                            "resource_group_name": "cricci",
                            "single_placement_group": "true",
                            "sku.#": "1",
                            "sku.1372701302.capacity": "3",
                            "sku.1372701302.name": "Standard_A2",
                            "sku.1372701302.tier": "Standard",
                            "storage_profile_data_disk.#": "1",
                            "storage_profile_data_disk.0.caching": "ReadWrite",
                            "storage_profile_data_disk.0.create_option": "Empty",
                            "storage_profile_data_disk.0.disk_size_gb": "10",
                            "storage_profile_data_disk.0.lun": "0",
                            "storage_profile_data_disk.0.managed_disk_type": "Standard_LRS",
                            "storage_profile_image_reference.#": "1",
                            "storage_profile_image_reference.4248655398.id": "",
                            "storage_profile_image_reference.4248655398.offer": "UbuntuServer",
                            "storage_profile_image_reference.4248655398.publisher": "Canonical",
                            "storage_profile_image_reference.4248655398.sku": "16.04-LTS",
                            "storage_profile_image_reference.4248655398.version": "latest",
                            "storage_profile_os_disk.#": "1",
                            "storage_profile_os_disk.1497306818.caching": "ReadWrite",
                            "storage_profile_os_disk.1497306818.create_option": "FromImage",
                            "storage_profile_os_disk.1497306818.image": "",
                            "storage_profile_os_disk.1497306818.managed_disk_type": "Standard_LRS",
                            "storage_profile_os_disk.1497306818.name": "",
                            "storage_profile_os_disk.1497306818.os_type": "",
                            "storage_profile_os_disk.1497306818.vhd_containers.#": "0",
                            "tags.%": "1",
                            "tags.environment": "staging",
                            "upgrade_policy_mode": "Automatic"
                        },
                        "meta": {},
                        "tainted": false
                    },
                    "deposed": [],
                    "provider": ""
                },
                "azurerm_virtual_network.network1": {
                    "type": "azurerm_virtual_network",
                    "depends_on": [],
                    "primary": {
                        "id": "/subscriptions/e462726b-8edb-4a79-8a65-e5cc84b993e2/resourceGroups/cricci/providers/Microsoft.Network/virtualNetworks/network1",
                        "attributes": {
                            "address_space.#": "1",
                            "address_space.0": "10.0.0.0/16",
                            "dns_servers.#": "0",
                            "id": "/subscriptions/e462726b-8edb-4a79-8a65-e5cc84b993e2/resourceGroups/cricci/providers/Microsoft.Network/virtualNetworks/network1",
                            "location": "eastus",
                            "name": "network1",
                            "resource_group_name": "cricci",
                            "subnet.#": "0",
                            "tags.%": "0"
                        },
                        "meta": {},
                        "tainted": false
                    },
                    "deposed": [],
                    "provider": ""
                },
                "data.template_file.init_script": {
                    "type": "template_file",
                    "depends_on": [],
                    "primary": {
                        "id": "6ab814550696565a1e984c19248796c5f6a09ceb619699974a35201fbca80a8a",
                        "attributes": {
                            "id": "6ab814550696565a1e984c19248796c5f6a09ceb619699974a35201fbca80a8a",
                            "rendered": "#!/bin/bash\nexport MYSQL_DATABASE_USER=\"riccic@crwebappdbserver\"\nexport MYSQL_DATABASE_PASSWORD=\"Password1234\"\nexport MYSQL_DATABASE_DB=\"db1\"\nexport MYSQL_DATABASE_HOST=\"crwebappdbserver.mysql.database.azure.com\"\ngit clone https://github.com/cricci82/PythonFlaskMySQLApp---Part-1.git\nsudo apt-get update\nyes | sudo apt install python-pip\nyes | pip install flask-mysql\npython PythonFlaskMySQLApp---Part-1/app.py",
                            "template": "#!/bin/bash\nexport MYSQL_DATABASE_USER=\"${mysql_db_admin}\"\nexport MYSQL_DATABASE_PASSWORD=\"${mysql_db_password}\"\nexport MYSQL_DATABASE_DB=\"${mysql_db_name}\"\nexport MYSQL_DATABASE_HOST=\"${mysql_db_host}\"\ngit clone https://github.com/cricci82/PythonFlaskMySQLApp---Part-1.git\nsudo apt-get update\nyes | sudo apt install python-pip\nyes | pip install flask-mysql\npython PythonFlaskMySQLApp---Part-1/app.py",
                            "vars.%": "4",
                            "vars.mysql_db_admin": "riccic@crwebappdbserver",
                            "vars.mysql_db_host": "crwebappdbserver.mysql.database.azure.com",
                            "vars.mysql_db_name": "db1",
                            "vars.mysql_db_password": "Password1234"
                        },
                        "meta": {},
                        "tainted": false
                    },
                    "deposed": [],
                    "provider": ""
                }
            },
            "depends_on": []
        }
    ]
}
